
Microsoft Visual Studio Solution File, Format Version 12.00
# Visual Studio Version 16
VisualStudioVersion = 16.0.32002.261
MinimumVisualStudioVersion = 10.0.40219.1
Project("{FAE04EC0-301F-11D3-BF4B-00C04F79EFBC}") = "ScholarBowls", "ScholarBowls\ScholarBowls.csproj", "{7AD32C46-E1DA-4E28-82E7-F4F74861FB6F}"
EndProject
Global
	GlobalSection(SolutionConfigurationPlatforms) = preSolution
		Debug|Any CPU = Debug|Any CPU
		Release|Any CPU = Release|Any CPU
	EndGlobalSection
	GlobalSection(ProjectConfigurationPlatforms) = postSolution
		{7AD32C46-E1DA-4E28-82E7-F4F74861FB6F}.Debug|Any CPU.ActiveCfg = Debug|Any CPU
		{7AD32C46-E1DA-4E28-82E7-F4F74861FB6F}.Debug|Any CPU.Build.0 = Debug|Any CPU
		{7AD32C46-E1DA-4E28-82E7-F4F74861FB6F}.Release|Any CPU.ActiveCfg = Release|Any CPU
		{7AD32C46-E1DA-4E28-82E7-F4F74861FB6F}.Release|Any CPU.Build.0 = Release|Any CPU
	EndGlobalSection
	GlobalSection(SolutionProperties) = preSolution
		HideSolutionNode = FALSE
	EndGlobalSection
	GlobalSection(ExtensibilityGlobals) = postSolution
		SolutionGuid = {47C9EC9E-8128-4948-9DD6-070605B2B3A8}
	EndGlobalSection
EndGlobal
